
Microsoft Visual Studio Solution File, Format Version 12.00
# Visual Studio Version 16
VisualStudioVersion = 16.0.30804.86
MinimumVisualStudioVersion = 10.0.40219.1
Project("{FAE04EC0-301F-11D3-BF4B-00C04F79EFBC}") = "KutuphaneOtomasyonu", "KutuphaneOtomasyonu\KutuphaneOtomasyonu.csproj", "{F1411F43-0A26-42B0-8607-A8CC9B38BA99}"
EndProject
Project("{FAE04EC0-301F-11D3-BF4B-00C04F79EFBC}") = "Veri", "Veri\Veri.csproj", "{63925FCA-039C-402E-B571-422EBC92EB86}"
EndProject
Project("{FAE04EC0-301F-11D3-BF4B-00C04F79EFBC}") = "BL", "BL\BL.csproj", "{74E1555C-A67C-414B-ACFC-46A160EE9FE7}"
EndProject
Project("{FAE04EC0-301F-11D3-BF4B-00C04F79EFBC}") = "Entity", "Entity\Entity.csproj", "{47CD74E1-7FA8-481B-AC85-401BA8069480}"
EndProject
Project("{ACA99D24-2A4B-4C16-9E92-13D6ABC4AC35}") = "Setup1", "Setup1\Setup1.isproj", "{006571E1-7AEF-43E4-881A-A9F7461D853D}"
EndProject
Global
	GlobalSection(SolutionConfigurationPlatforms) = preSolution
		CD_ROM|Any CPU = CD_ROM|Any CPU
		CD_ROM|x86 = CD_ROM|x86
		Custom|Any CPU = Custom|Any CPU
		Custom|x86 = Custom|x86
		Debug|Any CPU = Debug|Any CPU
		Debug|x86 = Debug|x86
		DVD-10|Any CPU = DVD-10|Any CPU
		DVD-10|x86 = DVD-10|x86
		DVD-18|Any CPU = DVD-18|Any CPU
		DVD-18|x86 = DVD-18|x86
		DVD-5|Any CPU = DVD-5|Any CPU
		DVD-5|x86 = DVD-5|x86
		DVD-9|Any CPU = DVD-9|Any CPU
		DVD-9|x86 = DVD-9|x86
		Release|Any CPU = Release|Any CPU
		Release|x86 = Release|x86
		SingleImage|Any CPU = SingleImage|Any CPU
		SingleImage|x86 = SingleImage|x86
		WebDeployment|Any CPU = WebDeployment|Any CPU
		WebDeployment|x86 = WebDeployment|x86
	EndGlobalSection
	GlobalSection(ProjectConfigurationPlatforms) = postSolution
		{F1411F43-0A26-42B0-8607-A8CC9B38BA99}.CD_ROM|Any CPU.ActiveCfg = Release|Any CPU
		{F1411F43-0A26-42B0-8607-A8CC9B38BA99}.CD_ROM|Any CPU.Build.0 = Release|Any CPU
		{F1411F43-0A26-42B0-8607-A8CC9B38BA99}.CD_ROM|x86.ActiveCfg = Release|x86
		{F1411F43-0A26-42B0-8607-A8CC9B38BA99}.CD_ROM|x86.Build.0 = Release|x86
		{F1411F43-0A26-42B0-8607-A8CC9B38BA99}.Custom|Any CPU.ActiveCfg = Debug|Any CPU
		{F1411F43-0A26-42B0-8607-A8CC9B38BA99}.Custom|Any CPU.Build.0 = Debug|Any CPU
		{F1411F43-0A26-42B0-8607-A8CC9B38BA99}.Custom|x86.ActiveCfg = Debug|x86
		{F1411F43-0A26-42B0-8607-A8CC9B38BA99}.Custom|x86.Build.0 = Debug|x86
		{F1411F43-0A26-42B0-8607-A8CC9B38BA99}.Debug|Any CPU.ActiveCfg = Debug|Any CPU
		{F1411F43-0A26-42B0-8607-A8CC9B38BA99}.Debug|Any CPU.Build.0 = Debug|Any CPU
		{F1411F43-0A26-42B0-8607-A8CC9B38BA99}.Debug|x86.ActiveCfg = Debug|x86
		{F1411F43-0A26-42B0-8607-A8CC9B38BA99}.Debug|x86.Build.0 = Debug|x86
		{F1411F43-0A26-42B0-8607-A8CC9B38BA99}.DVD-10|Any CPU.ActiveCfg = Debug|Any CPU
		{F1411F43-0A26-42B0-8607-A8CC9B38BA99}.DVD-10|Any CPU.Build.0 = Debug|Any CPU
		{F1411F43-0A26-42B0-8607-A8CC9B38BA99}.DVD-10|x86.ActiveCfg = Debug|x86
		{F1411F43-0A26-42B0-8607-A8CC9B38BA99}.DVD-10|x86.Build.0 = Debug|x86
		{F1411F43-0A26-42B0-8607-A8CC9B38BA99}.DVD-18|Any CPU.ActiveCfg = Debug|Any CPU
		{F1411F43-0A26-42B0-8607-A8CC9B38BA99}.DVD-18|Any CPU.Build.0 = Debug|Any CPU
		{F1411F43-0A26-42B0-8607-A8CC9B38BA99}.DVD-18|x86.ActiveCfg = Debug|x86
		{F1411F43-0A26-42B0-8607-A8CC9B38BA99}.DVD-18|x86.Build.0 = Debug|x86
		{F1411F43-0A26-42B0-8607-A8CC9B38BA99}.DVD-5|Any CPU.ActiveCfg = Debug|Any CPU
		{F1411F43-0A26-42B0-8607-A8CC9B38BA99}.DVD-5|Any CPU.Build.0 = Debug|Any CPU
		{F1411F43-0A26-42B0-8607-A8CC9B38BA99}.DVD-5|x86.ActiveCfg = Debug|x86
		{F1411F43-0A26-42B0-8607-A8CC9B38BA99}.DVD-5|x86.Build.0 = Debug|x86
		{F1411F43-0A26-42B0-8607-A8CC9B38BA99}.DVD-9|Any CPU.ActiveCfg = Debug|Any CPU
		{F1411F43-0A26-42B0-8607-A8CC9B38BA99}.DVD-9|Any CPU.Build.0 = Debug|Any CPU
		{F1411F43-0A26-42B0-8607-A8CC9B38BA99}.DVD-9|x86.ActiveCfg = Debug|x86
		{F1411F43-0A26-42B0-8607-A8CC9B38BA99}.DVD-9|x86.Build.0 = Debug|x86
		{F1411F43-0A26-42B0-8607-A8CC9B38BA99}.Release|Any CPU.ActiveCfg = Release|Any CPU
		{F1411F43-0A26-42B0-8607-A8CC9B38BA99}.Release|Any CPU.Build.0 = Release|Any CPU
		{F1411F43-0A26-42B0-8607-A8CC9B38BA99}.Release|x86.ActiveCfg = Release|x86
		{F1411F43-0A26-42B0-8607-A8CC9B38BA99}.Release|x86.Build.0 = Release|x86
		{F1411F43-0A26-42B0-8607-A8CC9B38BA99}.SingleImage|Any CPU.ActiveCfg = Release|Any CPU
		{F1411F43-0A26-42B0-8607-A8CC9B38BA99}.SingleImage|Any CPU.Build.0 = Release|Any CPU
		{F1411F43-0A26-42B0-8607-A8CC9B38BA99}.SingleImage|x86.ActiveCfg = Release|x86
		{F1411F43-0A26-42B0-8607-A8CC9B38BA99}.SingleImage|x86.Build.0 = Release|x86
		{F1411F43-0A26-42B0-8607-A8CC9B38BA99}.WebDeployment|Any CPU.ActiveCfg = Debug|Any CPU
		{F1411F43-0A26-42B0-8607-A8CC9B38BA99}.WebDeployment|Any CPU.Build.0 = Debug|Any CPU
		{F1411F43-0A26-42B0-8607-A8CC9B38BA99}.WebDeployment|x86.ActiveCfg = Debug|x86
		{F1411F43-0A26-42B0-8607-A8CC9B38BA99}.WebDeployment|x86.Build.0 = Debug|x86
		{63925FCA-039C-402E-B571-422EBC92EB86}.CD_ROM|Any CPU.ActiveCfg = Release|Any CPU
		{63925FCA-039C-402E-B571-422EBC92EB86}.CD_ROM|Any CPU.Build.0 = Release|Any CPU
		{63925FCA-039C-402E-B571-422EBC92EB86}.CD_ROM|x86.ActiveCfg = Release|x86
		{63925FCA-039C-402E-B571-422EBC92EB86}.CD_ROM|x86.Build.0 = Release|x86
		{63925FCA-039C-402E-B571-422EBC92EB86}.Custom|Any CPU.ActiveCfg = Debug|Any CPU
		{63925FCA-039C-402E-B571-422EBC92EB86}.Custom|Any CPU.Build.0 = Debug|Any CPU
		{63925FCA-039C-402E-B571-422EBC92EB86}.Custom|x86.ActiveCfg = Debug|x86
		{63925FCA-039C-402E-B571-422EBC92EB86}.Custom|x86.Build.0 = Debug|x86
		{63925FCA-039C-402E-B571-422EBC92EB86}.Debug|Any CPU.ActiveCfg = Debug|Any CPU
		{63925FCA-039C-402E-B571-422EBC92EB86}.Debug|Any CPU.Build.0 = Debug|Any CPU
		{63925FCA-039C-402E-B571-422EBC92EB86}.Debug|x86.ActiveCfg = Debug|x86
		{63925FCA-039C-402E-B571-422EBC92EB86}.Debug|x86.Build.0 = Debug|x86
		{63925FCA-039C-402E-B571-422EBC92EB86}.DVD-10|Any CPU.ActiveCfg = Debug|Any CPU
		{63925FCA-039C-402E-B571-422EBC92EB86}.DVD-10|Any CPU.Build.0 = Debug|Any CPU
		{63925FCA-039C-402E-B571-422EBC92EB86}.DVD-10|x86.ActiveCfg = Debug|x86
		{63925FCA-039C-402E-B571-422EBC92EB86}.DVD-10|x86.Build.0 = Debug|x86
		{63925FCA-039C-402E-B571-422EBC92EB86}.DVD-18|Any CPU.ActiveCfg = Debug|Any CPU
		{63925FCA-039C-402E-B571-422EBC92EB86}.DVD-18|Any CPU.Build.0 = Debug|Any CPU
		{63925FCA-039C-402E-B571-422EBC92EB86}.DVD-18|x86.ActiveCfg = Debug|x86
		{63925FCA-039C-402E-B571-422EBC92EB86}.DVD-18|x86.Build.0 = Debug|x86
		{63925FCA-039C-402E-B571-422EBC92EB86}.DVD-5|Any CPU.ActiveCfg = Debug|Any CPU
		{63925FCA-039C-402E-B571-422EBC92EB86}.DVD-5|Any CPU.Build.0 = Debug|Any CPU
		{63925FCA-039C-402E-B571-422EBC92EB86}.DVD-5|x86.ActiveCfg = Debug|x86
		{63925FCA-039C-402E-B571-422EBC92EB86}.DVD-5|x86.Build.0 = Debug|x86
		{63925FCA-039C-402E-B571-422EBC92EB86}.DVD-9|Any CPU.ActiveCfg = Debug|Any CPU
		{63925FCA-039C-402E-B571-422EBC92EB86}.DVD-9|Any CPU.Build.0 = Debug|Any CPU
		{63925FCA-039C-402E-B571-422EBC92EB86}.DVD-9|x86.ActiveCfg = Debug|x86
		{63925FCA-039C-402E-B571-422EBC92EB86}.DVD-9|x86.Build.0 = Debug|x86
		{63925FCA-039C-402E-B571-422EBC92EB86}.Release|Any CPU.ActiveCfg = Release|Any CPU
		{63925FCA-039C-402E-B571-422EBC92EB86}.Release|Any CPU.Build.0 = Release|Any CPU
		{63925FCA-039C-402E-B571-422EBC92EB86}.Release|x86.ActiveCfg = Release|x86
		{63925FCA-039C-402E-B571-422EBC92EB86}.Release|x86.Build.0 = Release|x86
		{63925FCA-039C-402E-B571-422EBC92EB86}.SingleImage|Any CPU.ActiveCfg = Release|Any CPU
		{63925FCA-039C-402E-B571-422EBC92EB86}.SingleImage|Any CPU.Build.0 = Release|Any CPU
		{63925FCA-039C-402E-B571-422EBC92EB86}.SingleImage|x86.ActiveCfg = Release|x86
		{63925FCA-039C-402E-B571-422EBC92EB86}.SingleImage|x86.Build.0 = Release|x86
		{63925FCA-039C-402E-B571-422EBC92EB86}.WebDeployment|Any CPU.ActiveCfg = Debug|Any CPU
		{63925FCA-039C-402E-B571-422EBC92EB86}.WebDeployment|Any CPU.Build.0 = Debug|Any CPU
		{63925FCA-039C-402E-B571-422EBC92EB86}.WebDeployment|x86.ActiveCfg = Debug|x86
		{63925FCA-039C-402E-B571-422EBC92EB86}.WebDeployment|x86.Build.0 = Debug|x86
		{74E1555C-A67C-414B-ACFC-46A160EE9FE7}.CD_ROM|Any CPU.ActiveCfg = Release|Any CPU
		{74E1555C-A67C-414B-ACFC-46A160EE9FE7}.CD_ROM|Any CPU.Build.0 = Release|Any CPU
		{74E1555C-A67C-414B-ACFC-46A160EE9FE7}.CD_ROM|x86.ActiveCfg = Release|x86
		{74E1555C-A67C-414B-ACFC-46A160EE9FE7}.CD_ROM|x86.Build.0 = Release|x86
		{74E1555C-A67C-414B-ACFC-46A160EE9FE7}.Custom|Any CPU.ActiveCfg = Debug|Any CPU
		{74E1555C-A67C-414B-ACFC-46A160EE9FE7}.Custom|Any CPU.Build.0 = Debug|Any CPU
		{74E1555C-A67C-414B-ACFC-46A160EE9FE7}.Custom|x86.ActiveCfg = Debug|x86
		{74E1555C-A67C-414B-ACFC-46A160EE9FE7}.Custom|x86.Build.0 = Debug|x86
		{74E1555C-A67C-414B-ACFC-46A160EE9FE7}.Debug|Any CPU.ActiveCfg = Debug|Any CPU
		{74E1555C-A67C-414B-ACFC-46A160EE9FE7}.Debug|Any CPU.Build.0 = Debug|Any CPU
		{74E1555C-A67C-414B-ACFC-46A160EE9FE7}.Debug|x86.ActiveCfg = Debug|x86
		{74E1555C-A67C-414B-ACFC-46A160EE9FE7}.Debug|x86.Build.0 = Debug|x86
		{74E1555C-A67C-414B-ACFC-46A160EE9FE7}.DVD-10|Any CPU.ActiveCfg = Debug|Any CPU
		{74E1555C-A67C-414B-ACFC-46A160EE9FE7}.DVD-10|Any CPU.Build.0 = Debug|Any CPU
		{74E1555C-A67C-414B-ACFC-46A160EE9FE7}.DVD-10|x86.ActiveCfg = Debug|x86
		{74E1555C-A67C-414B-ACFC-46A160EE9FE7}.DVD-10|x86.Build.0 = Debug|x86
		{74E1555C-A67C-414B-ACFC-46A160EE9FE7}.DVD-18|Any CPU.ActiveCfg = Debug|Any CPU
		{74E1555C-A67C-414B-ACFC-46A160EE9FE7}.DVD-18|Any CPU.Build.0 = Debug|Any CPU
		{74E1555C-A67C-414B-ACFC-46A160EE9FE7}.DVD-18|x86.ActiveCfg = Debug|x86
		{74E1555C-A67C-414B-ACFC-46A160EE9FE7}.DVD-18|x86.Build.0 = Debug|x86
		{74E1555C-A67C-414B-ACFC-46A160EE9FE7}.DVD-5|Any CPU.ActiveCfg = Debug|Any CPU
		{74E1555C-A67C-414B-ACFC-46A160EE9FE7}.DVD-5|Any CPU.Build.0 = Debug|Any CPU
		{74E1555C-A67C-414B-ACFC-46A160EE9FE7}.DVD-5|x86.ActiveCfg = Debug|x86
		{74E1555C-A67C-414B-ACFC-46A160EE9FE7}.DVD-5|x86.Build.0 = Debug|x86
		{74E1555C-A67C-414B-ACFC-46A160EE9FE7}.DVD-9|Any CPU.ActiveCfg = Debug|Any CPU
		{74E1555C-A67C-414B-ACFC-46A160EE9FE7}.DVD-9|Any CPU.Build.0 = Debug|Any CPU
		{74E1555C-A67C-414B-ACFC-46A160EE9FE7}.DVD-9|x86.ActiveCfg = Debug|x86
		{74E1555C-A67C-414B-ACFC-46A160EE9FE7}.DVD-9|x86.Build.0 = Debug|x86
		{74E1555C-A67C-414B-ACFC-46A160EE9FE7}.Release|Any CPU.ActiveCfg = Release|Any CPU
		{74E1555C-A67C-414B-ACFC-46A160EE9FE7}.Release|Any CPU.Build.0 = Release|Any CPU
		{74E1555C-A67C-414B-ACFC-46A160EE9FE7}.Release|x86.ActiveCfg = Release|x86
		{74E1555C-A67C-414B-ACFC-46A160EE9FE7}.Release|x86.Build.0 = Release|x86
		{74E1555C-A67C-414B-ACFC-46A160EE9FE7}.SingleImage|Any CPU.ActiveCfg = Release|Any CPU
		{74E1555C-A67C-414B-ACFC-46A160EE9FE7}.SingleImage|Any CPU.Build.0 = Release|Any CPU
		{74E1555C-A67C-414B-ACFC-46A160EE9FE7}.SingleImage|x86.ActiveCfg = Release|x86
		{74E1555C-A67C-414B-ACFC-46A160EE9FE7}.SingleImage|x86.Build.0 = Release|x86
		{74E1555C-A67C-414B-ACFC-46A160EE9FE7}.WebDeployment|Any CPU.ActiveCfg = Debug|Any CPU
		{74E1555C-A67C-414B-ACFC-46A160EE9FE7}.WebDeployment|Any CPU.Build.0 = Debug|Any CPU
		{74E1555C-A67C-414B-ACFC-46A160EE9FE7}.WebDeployment|x86.ActiveCfg = Debug|x86
		{74E1555C-A67C-414B-ACFC-46A160EE9FE7}.WebDeployment|x86.Build.0 = Debug|x86
		{47CD74E1-7FA8-481B-AC85-401BA8069480}.CD_ROM|Any CPU.ActiveCfg = Release|Any CPU
		{47CD74E1-7FA8-481B-AC85-401BA8069480}.CD_ROM|Any CPU.Build.0 = Release|Any CPU
		{47CD74E1-7FA8-481B-AC85-401BA8069480}.CD_ROM|x86.ActiveCfg = Release|x86
		{47CD74E1-7FA8-481B-AC85-401BA8069480}.CD_ROM|x86.Build.0 = Release|x86
		{47CD74E1-7FA8-481B-AC85-401BA8069480}.Custom|Any CPU.ActiveCfg = Debug|Any CPU
		{47CD74E1-7FA8-481B-AC85-401BA8069480}.Custom|Any CPU.Build.0 = Debug|Any CPU
		{47CD74E1-7FA8-481B-AC85-401BA8069480}.Custom|x86.ActiveCfg = Debug|x86
		{47CD74E1-7FA8-481B-AC85-401BA8069480}.Custom|x86.Build.0 = Debug|x86
		{47CD74E1-7FA8-481B-AC85-401BA8069480}.Debug|Any CPU.ActiveCfg = Debug|Any CPU
		{47CD74E1-7FA8-481B-AC85-401BA8069480}.Debug|Any CPU.Build.0 = Debug|Any CPU
		{47CD74E1-7FA8-481B-AC85-401BA8069480}.Debug|x86.ActiveCfg = Debug|x86
		{47CD74E1-7FA8-481B-AC85-401BA8069480}.Debug|x86.Build.0 = Debug|x86
		{47CD74E1-7FA8-481B-AC85-401BA8069480}.DVD-10|Any CPU.ActiveCfg = Debug|Any CPU
		{47CD74E1-7FA8-481B-AC85-401BA8069480}.DVD-10|Any CPU.Build.0 = Debug|Any CPU
		{47CD74E1-7FA8-481B-AC85-401BA8069480}.DVD-10|x86.ActiveCfg = Debug|x86
		{47CD74E1-7FA8-481B-AC85-401BA8069480}.DVD-10|x86.Build.0 = Debug|x86
		{47CD74E1-7FA8-481B-AC85-401BA8069480}.DVD-18|Any CPU.ActiveCfg = Debug|Any CPU
		{47CD74E1-7FA8-481B-AC85-401BA8069480}.DVD-18|Any CPU.Build.0 = Debug|Any CPU
		{47CD74E1-7FA8-481B-AC85-401BA8069480}.DVD-18|x86.ActiveCfg = Debug|x86
		{47CD74E1-7FA8-481B-AC85-401BA8069480}.DVD-18|x86.Build.0 = Debug|x86
		{47CD74E1-7FA8-481B-AC85-401BA8069480}.DVD-5|Any CPU.ActiveCfg = Debug|Any CPU
		{47CD74E1-7FA8-481B-AC85-401BA8069480}.DVD-5|Any CPU.Build.0 = Debug|Any CPU
		{47CD74E1-7FA8-481B-AC85-401BA8069480}.DVD-5|x86.ActiveCfg = Debug|x86
		{47CD74E1-7FA8-481B-AC85-401BA8069480}.DVD-5|x86.Build.0 = Debug|x86
		{47CD74E1-7FA8-481B-AC85-401BA8069480}.DVD-9|Any CPU.ActiveCfg = Debug|Any CPU
		{47CD74E1-7FA8-481B-AC85-401BA8069480}.DVD-9|Any CPU.Build.0 = Debug|Any CPU
		{47CD74E1-7FA8-481B-AC85-401BA8069480}.DVD-9|x86.ActiveCfg = Debug|x86
		{47CD74E1-7FA8-481B-AC85-401BA8069480}.DVD-9|x86.Build.0 = Debug|x86
		{47CD74E1-7FA8-481B-AC85-401BA8069480}.Release|Any CPU.ActiveCfg = Release|Any CPU
		{47CD74E1-7FA8-481B-AC85-401BA8069480}.Release|Any CPU.Build.0 = Release|Any CPU
		{47CD74E1-7FA8-481B-AC85-401BA8069480}.Release|x86.ActiveCfg = Release|x86
		{47CD74E1-7FA8-481B-AC85-401BA8069480}.Release|x86.Build.0 = Release|x86
		{47CD74E1-7FA8-481B-AC85-401BA8069480}.SingleImage|Any CPU.ActiveCfg = Release|Any CPU
		{47CD74E1-7FA8-481B-AC85-401BA8069480}.SingleImage|Any CPU.Build.0 = Release|Any CPU
		{47CD74E1-7FA8-481B-AC85-401BA8069480}.SingleImage|x86.ActiveCfg = Release|x86
		{47CD74E1-7FA8-481B-AC85-401BA8069480}.SingleImage|x86.Build.0 = Release|x86
		{47CD74E1-7FA8-481B-AC85-401BA8069480}.WebDeployment|Any CPU.ActiveCfg = Debug|Any CPU
		{47CD74E1-7FA8-481B-AC85-401BA8069480}.WebDeployment|Any CPU.Build.0 = Debug|Any CPU
		{47CD74E1-7FA8-481B-AC85-401BA8069480}.WebDeployment|x86.ActiveCfg = Debug|x86
		{47CD74E1-7FA8-481B-AC85-401BA8069480}.WebDeployment|x86.Build.0 = Debug|x86
		{006571E1-7AEF-43E4-881A-A9F7461D853D}.CD_ROM|Any CPU.ActiveCfg = CD_ROM
		{006571E1-7AEF-43E4-881A-A9F7461D853D}.CD_ROM|Any CPU.Build.0 = CD_ROM
		{006571E1-7AEF-43E4-881A-A9F7461D853D}.CD_ROM|x86.ActiveCfg = CD_ROM
		{006571E1-7AEF-43E4-881A-A9F7461D853D}.CD_ROM|x86.Build.0 = CD_ROM
		{006571E1-7AEF-43E4-881A-A9F7461D853D}.Custom|Any CPU.ActiveCfg = Custom
		{006571E1-7AEF-43E4-881A-A9F7461D853D}.Custom|Any CPU.Build.0 = Custom
		{006571E1-7AEF-43E4-881A-A9F7461D853D}.Custom|x86.ActiveCfg = Custom
		{006571E1-7AEF-43E4-881A-A9F7461D853D}.Custom|x86.Build.0 = Custom
		{006571E1-7AEF-43E4-881A-A9F7461D853D}.Debug|Any CPU.ActiveCfg = DVD-10
		{006571E1-7AEF-43E4-881A-A9F7461D853D}.Debug|Any CPU.Build.0 = DVD-10
		{006571E1-7AEF-43E4-881A-A9F7461D853D}.Debug|x86.ActiveCfg = DVD-10
		{006571E1-7AEF-43E4-881A-A9F7461D853D}.Debug|x86.Build.0 = DVD-10
		{006571E1-7AEF-43E4-881A-A9F7461D853D}.DVD-10|Any CPU.ActiveCfg = DVD-10
		{006571E1-7AEF-43E4-881A-A9F7461D853D}.DVD-10|Any CPU.Build.0 = DVD-10
		{006571E1-7AEF-43E4-881A-A9F7461D853D}.DVD-10|x86.ActiveCfg = DVD-10
		{006571E1-7AEF-43E4-881A-A9F7461D853D}.DVD-10|x86.Build.0 = DVD-10
		{006571E1-7AEF-43E4-881A-A9F7461D853D}.DVD-18|Any CPU.ActiveCfg = DVD-18
		{006571E1-7AEF-43E4-881A-A9F7461D853D}.DVD-18|Any CPU.Build.0 = DVD-18
		{006571E1-7AEF-43E4-881A-A9F7461D853D}.DVD-18|x86.ActiveCfg = DVD-18
		{006571E1-7AEF-43E4-881A-A9F7461D853D}.DVD-18|x86.Build.0 = DVD-18
		{006571E1-7AEF-43E4-881A-A9F7461D853D}.DVD-5|Any CPU.ActiveCfg = DVD-5
		{006571E1-7AEF-43E4-881A-A9F7461D853D}.DVD-5|Any CPU.Build.0 = DVD-5
		{006571E1-7AEF-43E4-881A-A9F7461D853D}.DVD-5|x86.ActiveCfg = DVD-5
		{006571E1-7AEF-43E4-881A-A9F7461D853D}.DVD-5|x86.Build.0 = DVD-5
		{006571E1-7AEF-43E4-881A-A9F7461D853D}.DVD-9|Any CPU.ActiveCfg = DVD-9
		{006571E1-7AEF-43E4-881A-A9F7461D853D}.DVD-9|Any CPU.Build.0 = DVD-9
		{006571E1-7AEF-43E4-881A-A9F7461D853D}.DVD-9|x86.ActiveCfg = DVD-9
		{006571E1-7AEF-43E4-881A-A9F7461D853D}.DVD-9|x86.Build.0 = DVD-9
		{006571E1-7AEF-43E4-881A-A9F7461D853D}.Release|Any CPU.ActiveCfg = Custom
		{006571E1-7AEF-43E4-881A-A9F7461D853D}.Release|Any CPU.Build.0 = Custom
		{006571E1-7AEF-43E4-881A-A9F7461D853D}.Release|x86.ActiveCfg = Custom
		{006571E1-7AEF-43E4-881A-A9F7461D853D}.Release|x86.Build.0 = Custom
		{006571E1-7AEF-43E4-881A-A9F7461D853D}.SingleImage|Any CPU.ActiveCfg = SingleImage
		{006571E1-7AEF-43E4-881A-A9F7461D853D}.SingleImage|Any CPU.Build.0 = SingleImage
		{006571E1-7AEF-43E4-881A-A9F7461D853D}.SingleImage|x86.ActiveCfg = SingleImage
		{006571E1-7AEF-43E4-881A-A9F7461D853D}.SingleImage|x86.Build.0 = SingleImage
		{006571E1-7AEF-43E4-881A-A9F7461D853D}.WebDeployment|Any CPU.ActiveCfg = WebDeployment
		{006571E1-7AEF-43E4-881A-A9F7461D853D}.WebDeployment|Any CPU.Build.0 = WebDeployment
		{006571E1-7AEF-43E4-881A-A9F7461D853D}.WebDeployment|x86.ActiveCfg = WebDeployment
		{006571E1-7AEF-43E4-881A-A9F7461D853D}.WebDeployment|x86.Build.0 = WebDeployment
	EndGlobalSection
	GlobalSection(SolutionProperties) = preSolution
		HideSolutionNode = FALSE
	EndGlobalSection
	GlobalSection(ExtensibilityGlobals) = postSolution
		SolutionGuid = {5AC93647-A857-4542-A214-E725F46D68EF}
	EndGlobalSection
EndGlobal
